Microsoft Visual Studio Solution File, Format Version 10.00
# Visual C++ Express 2008
Project("{8BC9CEB8-8B4A-11D0-8D11-00A0C91BC942}") = "SuperProfiler", "SuperProfiler-VC9.vcproj", "{FD27FDBF-6DD2-401D-A249-970ED600F38C}"
EndProject
Project("{8BC9CEB8-8B4A-11D0-8D11-00A0C91BC942}") = "SuperProfilerTests", "SuperProfilerTests\SuperProfilerTests-VC9.vcproj", "{EB0F0F1A-4852-4637-8175-9F16F2C14E66}"
	ProjectSection(ProjectDependencies) = postProject
		{CB0066A5-339C-42A5-AA6E-9E3EF3E70750} = {CB0066A5-339C-42A5-AA6E-9E3EF3E70750}
		{FD27FDBF-6DD2-401D-A249-970ED600F38C} = {FD27FDBF-6DD2-401D-A249-970ED600F38C}
	EndProjectSection
EndProject
Project("{8BC9CEB8-8B4A-11D0-8D11-00A0C91BC942}") = "SuperProfilerNet", "SuperProfilerNet\SuperProfilerNet-VC9.vcproj", "{CB0066A5-339C-42A5-AA6E-9E3EF3E70750}"
	ProjectSection(ProjectDependencies) = postProject
		{FD27FDBF-6DD2-401D-A249-970ED600F38C} = {FD27FDBF-6DD2-401D-A249-970ED600F38C}
	EndProjectSection
EndProject
Global
	GlobalSection(SolutionConfigurationPlatforms) = preSolution
		Debug|Win32 = Debug|Win32
		Release|Win32 = Release|Win32
	EndGlobalSection
	GlobalSection(ProjectConfigurationPlatforms) = postSolution
		{FD27FDBF-6DD2-401D-A249-970ED600F38C}.Debug|Win32.ActiveCfg = Debug|Win32
		{FD27FDBF-6DD2-401D-A249-970ED600F38C}.Debug|Win32.Build.0 = Debug|Win32
		{FD27FDBF-6DD2-401D-A249-970ED600F38C}.Release|Win32.ActiveCfg = Release|Win32
		{FD27FDBF-6DD2-401D-A249-970ED600F38C}.Release|Win32.Build.0 = Release|Win32
		{EB0F0F1A-4852-4637-8175-9F16F2C14E66}.Debug|Win32.ActiveCfg = Debug|Win32
		{EB0F0F1A-4852-4637-8175-9F16F2C14E66}.Debug|Win32.Build.0 = Debug|Win32
		{EB0F0F1A-4852-4637-8175-9F16F2C14E66}.Release|Win32.ActiveCfg = Release|Win32
		{EB0F0F1A-4852-4637-8175-9F16F2C14E66}.Release|Win32.Build.0 = Release|Win32
		{CB0066A5-339C-42A5-AA6E-9E3EF3E70750}.Debug|Win32.ActiveCfg = Debug|Win32
		{CB0066A5-339C-42A5-AA6E-9E3EF3E70750}.Debug|Win32.Build.0 = Debug|Win32
		{CB0066A5-339C-42A5-AA6E-9E3EF3E70750}.Release|Win32.ActiveCfg = Release|Win32
		{CB0066A5-339C-42A5-AA6E-9E3EF3E70750}.Release|Win32.Build.0 = Release|Win32
	EndGlobalSection
	GlobalSection(SolutionProperties) = preSolution
		HideSolutionNode = FALSE
	EndGlobalSection
EndGlobal
